
Microsoft Visual Studio Solution File, Format Version 12.00
# Visual Studio 2013
VisualStudioVersion = 12.0.21005.1
MinimumVisualStudioVersion = 10.0.40219.1
Project("{FAE04EC0-301F-11D3-BF4B-00C04F79EFBC}") = "Diga.Domain", "Diga.Domain\Diga.Domain.csproj", "{201A0228-1349-4DAF-AAF9-E0A22028C484}"
EndProject
Project("{FAE04EC0-301F-11D3-BF4B-00C04F79EFBC}") = "Diga.Service", "Diga.Service\Diga.Service.csproj", "{8E2E983F-4C72-45E7-9FE9-081D0788E138}"
EndProject
Project("{FAE04EC0-301F-11D3-BF4B-00C04F79EFBC}") = "Diga.Client", "Diga.Client\Diga.Client.csproj", "{588C1A75-BD6A-4197-86AC-C6B9FD2927A1}"
EndProject
Project("{FAE04EC0-301F-11D3-BF4B-00C04F79EFBC}") = "Diga.Domain.Service", "Diga.Domain.Service\Diga.Domain.Service.csproj", "{1608956A-8703-477E-A273-2008AAC9C84E}"
EndProject
Project("{FAE04EC0-301F-11D3-BF4B-00C04F79EFBC}") = "Diga.Domain.Contracts", "Diga.Domain.Contracts\Diga.Domain.Contracts.csproj", "{D628086F-4BF2-4F9B-A65D-BA96AD0253F6}"
EndProject
Project("{CC5FD16D-436D-48AD-A40C-5A424C6E3E79}") = "Diga.Cloud", "Diga.Cloud\Diga.Cloud.ccproj", "{65752DA8-EB5C-48D7-8376-AA6614BA454E}"
EndProject
Project("{FAE04EC0-301F-11D3-BF4B-00C04F79EFBC}") = "Diga.Cloud.Client", "Diga.Cloud.Client\Diga.Cloud.Client.csproj", "{4F700B24-A92E-470E-8F99-56B9843CD53D}"
EndProject
Project("{FAE04EC0-301F-11D3-BF4B-00C04F79EFBC}") = "Diga.Cloud.WebStatus", "Diga.Cloud.WebStatus\Diga.Cloud.WebStatus.csproj", "{AAE716B8-3724-4385-9306-A17B2992CEF2}"
EndProject
Project("{FAE04EC0-301F-11D3-BF4B-00C04F79EFBC}") = "Diga.Cloud.Service", "Diga.Cloud.Service\Diga.Cloud.Service.csproj", "{AC238A8F-7C8C-448B-A4BE-AB975A153D39}"
EndProject
Project("{CC5FD16D-436D-48AD-A40C-5A424C6E3E79}") = "Diga.Cloud.Worker", "Diga.Cloud.Worker\Diga.Cloud.Worker.ccproj", "{50391374-188A-4F2F-B267-FAD8B9C39A8D}"
EndProject
Global
	GlobalSection(SolutionConfigurationPlatforms) = preSolution
		Debug|Any CPU = Debug|Any CPU
		Release|Any CPU = Release|Any CPU
	EndGlobalSection
	GlobalSection(ProjectConfigurationPlatforms) = postSolution
		{201A0228-1349-4DAF-AAF9-E0A22028C484}.Debug|Any CPU.ActiveCfg = Debug|Any CPU
		{201A0228-1349-4DAF-AAF9-E0A22028C484}.Debug|Any CPU.Build.0 = Debug|Any CPU
		{201A0228-1349-4DAF-AAF9-E0A22028C484}.Release|Any CPU.ActiveCfg = Release|Any CPU
		{201A0228-1349-4DAF-AAF9-E0A22028C484}.Release|Any CPU.Build.0 = Release|Any CPU
		{8E2E983F-4C72-45E7-9FE9-081D0788E138}.Debug|Any CPU.ActiveCfg = Debug|Any CPU
		{8E2E983F-4C72-45E7-9FE9-081D0788E138}.Debug|Any CPU.Build.0 = Debug|Any CPU
		{8E2E983F-4C72-45E7-9FE9-081D0788E138}.Release|Any CPU.ActiveCfg = Release|Any CPU
		{8E2E983F-4C72-45E7-9FE9-081D0788E138}.Release|Any CPU.Build.0 = Release|Any CPU
		{588C1A75-BD6A-4197-86AC-C6B9FD2927A1}.Debug|Any CPU.ActiveCfg = Debug|Any CPU
		{588C1A75-BD6A-4197-86AC-C6B9FD2927A1}.Debug|Any CPU.Build.0 = Debug|Any CPU
		{588C1A75-BD6A-4197-86AC-C6B9FD2927A1}.Release|Any CPU.ActiveCfg = Release|Any CPU
		{588C1A75-BD6A-4197-86AC-C6B9FD2927A1}.Release|Any CPU.Build.0 = Release|Any CPU
		{1608956A-8703-477E-A273-2008AAC9C84E}.Debug|Any CPU.ActiveCfg = Debug|Any CPU
		{1608956A-8703-477E-A273-2008AAC9C84E}.Debug|Any CPU.Build.0 = Debug|Any CPU
		{1608956A-8703-477E-A273-2008AAC9C84E}.Release|Any CPU.ActiveCfg = Release|Any CPU
		{1608956A-8703-477E-A273-2008AAC9C84E}.Release|Any CPU.Build.0 = Release|Any CPU
		{D628086F-4BF2-4F9B-A65D-BA96AD0253F6}.Debug|Any CPU.ActiveCfg = Debug|Any CPU
		{D628086F-4BF2-4F9B-A65D-BA96AD0253F6}.Debug|Any CPU.Build.0 = Debug|Any CPU
		{D628086F-4BF2-4F9B-A65D-BA96AD0253F6}.Release|Any CPU.ActiveCfg = Release|Any CPU
		{D628086F-4BF2-4F9B-A65D-BA96AD0253F6}.Release|Any CPU.Build.0 = Release|Any CPU
		{65752DA8-EB5C-48D7-8376-AA6614BA454E}.Debug|Any CPU.ActiveCfg = Debug|Any CPU
		{65752DA8-EB5C-48D7-8376-AA6614BA454E}.Debug|Any CPU.Build.0 = Debug|Any CPU
		{65752DA8-EB5C-48D7-8376-AA6614BA454E}.Release|Any CPU.ActiveCfg = Release|Any CPU
		{65752DA8-EB5C-48D7-8376-AA6614BA454E}.Release|Any CPU.Build.0 = Release|Any CPU
		{4F700B24-A92E-470E-8F99-56B9843CD53D}.Debug|Any CPU.ActiveCfg = Debug|Any CPU
		{4F700B24-A92E-470E-8F99-56B9843CD53D}.Debug|Any CPU.Build.0 = Debug|Any CPU
		{4F700B24-A92E-470E-8F99-56B9843CD53D}.Release|Any CPU.ActiveCfg = Release|Any CPU
		{4F700B24-A92E-470E-8F99-56B9843CD53D}.Release|Any CPU.Build.0 = Release|Any CPU
		{AAE716B8-3724-4385-9306-A17B2992CEF2}.Debug|Any CPU.ActiveCfg = Debug|Any CPU
		{AAE716B8-3724-4385-9306-A17B2992CEF2}.Debug|Any CPU.Build.0 = Debug|Any CPU
		{AAE716B8-3724-4385-9306-A17B2992CEF2}.Release|Any CPU.ActiveCfg = Release|Any CPU
		{AAE716B8-3724-4385-9306-A17B2992CEF2}.Release|Any CPU.Build.0 = Release|Any CPU
		{AC238A8F-7C8C-448B-A4BE-AB975A153D39}.Debug|Any CPU.ActiveCfg = Debug|Any CPU
		{AC238A8F-7C8C-448B-A4BE-AB975A153D39}.Debug|Any CPU.Build.0 = Debug|Any CPU
		{AC238A8F-7C8C-448B-A4BE-AB975A153D39}.Release|Any CPU.ActiveCfg = Release|Any CPU
		{AC238A8F-7C8C-448B-A4BE-AB975A153D39}.Release|Any CPU.Build.0 = Release|Any CPU
		{50391374-188A-4F2F-B267-FAD8B9C39A8D}.Debug|Any CPU.ActiveCfg = Debug|Any CPU
		{50391374-188A-4F2F-B267-FAD8B9C39A8D}.Debug|Any CPU.Build.0 = Debug|Any CPU
		{50391374-188A-4F2F-B267-FAD8B9C39A8D}.Release|Any CPU.ActiveCfg = Release|Any CPU
		{50391374-188A-4F2F-B267-FAD8B9C39A8D}.Release|Any CPU.Build.0 = Release|Any CPU
	EndGlobalSection
	GlobalSection(SolutionProperties) = preSolution
		HideSolutionNode = FALSE
	EndGlobalSection
EndGlobal
