
Microsoft Visual Studio Solution File, Format Version 12.00
# Visual Studio 2013
VisualStudioVersion = 12.0.21005.1
MinimumVisualStudioVersion = 10.0.40219.1
Project("{FAE04EC0-301F-11D3-BF4B-00C04F79EFBC}") = "Diga.Domain", "Diga.Domain\Diga.Domain.csproj", "{201A0228-1349-4DAF-AAF9-E0A22028C484}"
EndProject
Project("{FAE04EC0-301F-11D3-BF4B-00C04F79EFBC}") = "Diga.Service", "Diga.Service\Diga.Service.csproj", "{8E2E983F-4C72-45E7-9FE9-081D0788E138}"
EndProject
Project("{FAE04EC0-301F-11D3-BF4B-00C04F79EFBC}") = "Diga.Client", "Diga.Client\Diga.Client.csproj", "{588C1A75-BD6A-4197-86AC-C6B9FD2927A1}"
EndProject
Project("{FAE04EC0-301F-11D3-BF4B-00C04F79EFBC}") = "Diga.Contracts", "Diga.Contracts\Diga.Contracts.csproj", "{51724AB3-1012-4D12-8A79-9A4DEDAEA71C}"
EndProject
Global
	GlobalSection(SolutionConfigurationPlatforms) = preSolution
		Debug|Any CPU = Debug|Any CPU
		Release|Any CPU = Release|Any CPU
	EndGlobalSection
	GlobalSection(ProjectConfigurationPlatforms) = postSolution
		{201A0228-1349-4DAF-AAF9-E0A22028C484}.Debug|Any CPU.ActiveCfg = Debug|Any CPU
		{201A0228-1349-4DAF-AAF9-E0A22028C484}.Debug|Any CPU.Build.0 = Debug|Any CPU
		{201A0228-1349-4DAF-AAF9-E0A22028C484}.Release|Any CPU.ActiveCfg = Release|Any CPU
		{201A0228-1349-4DAF-AAF9-E0A22028C484}.Release|Any CPU.Build.0 = Release|Any CPU
		{8E2E983F-4C72-45E7-9FE9-081D0788E138}.Debug|Any CPU.ActiveCfg = Debug|Any CPU
		{8E2E983F-4C72-45E7-9FE9-081D0788E138}.Debug|Any CPU.Build.0 = Debug|Any CPU
		{8E2E983F-4C72-45E7-9FE9-081D0788E138}.Release|Any CPU.ActiveCfg = Release|Any CPU
		{8E2E983F-4C72-45E7-9FE9-081D0788E138}.Release|Any CPU.Build.0 = Release|Any CPU
		{588C1A75-BD6A-4197-86AC-C6B9FD2927A1}.Debug|Any CPU.ActiveCfg = Debug|Any CPU
		{588C1A75-BD6A-4197-86AC-C6B9FD2927A1}.Debug|Any CPU.Build.0 = Debug|Any CPU
		{588C1A75-BD6A-4197-86AC-C6B9FD2927A1}.Release|Any CPU.ActiveCfg = Release|Any CPU
		{588C1A75-BD6A-4197-86AC-C6B9FD2927A1}.Release|Any CPU.Build.0 = Release|Any CPU
		{51724AB3-1012-4D12-8A79-9A4DEDAEA71C}.Debug|Any CPU.ActiveCfg = Debug|Any CPU
		{51724AB3-1012-4D12-8A79-9A4DEDAEA71C}.Debug|Any CPU.Build.0 = Debug|Any CPU
		{51724AB3-1012-4D12-8A79-9A4DEDAEA71C}.Release|Any CPU.ActiveCfg = Release|Any CPU
		{51724AB3-1012-4D12-8A79-9A4DEDAEA71C}.Release|Any CPU.Build.0 = Release|Any CPU
	EndGlobalSection
	GlobalSection(SolutionProperties) = preSolution
		HideSolutionNode = FALSE
	EndGlobalSection
EndGlobal
